
Microsoft Visual Studio Solution File, Format Version 12.00
# Visual Studio Version 17
VisualStudioVersion = 17.0.31903.59
MinimumVisualStudioVersion = 10.0.40219.1
Project("{FAE04EC0-301F-11D3-BF4B-00C04F79EFBC}") = "GameModel", "GameModel\GameModel.csproj", "{E9218257-E07B-4AA9-BFA3-F75A9BD64E3B}"
EndProject
Project("{FAE04EC0-301F-11D3-BF4B-00C04F79EFBC}") = "GameEngine", "GameEngine\GameEngine.csproj", "{5A4C7C09-7B0E-4E86-A484-F65867A0DF57}"
EndProject
Project("{FAE04EC0-301F-11D3-BF4B-00C04F79EFBC}") = "CLI", "CLI\CLI.csproj", "{78EECC87-06F7-478D-BB44-4B23AB97F10D}"
EndProject
Project("{FAE04EC0-301F-11D3-BF4B-00C04F79EFBC}") = "GameModel.Tests", "GameModel.Tests\GameModel.Tests.csproj", "{1EA1B868-6FE7-4263-9C69-93247B65F72D}"
EndProject
Project("{FAE04EC0-301F-11D3-BF4B-00C04F79EFBC}") = "GameEditor.Client", "GameEditor.Client\GameEditor.Client.csproj", "{B1FDC293-B54D-41A1-8FA9-9AFDB590E394}"
EndProject
Project("{FAE04EC0-301F-11D3-BF4B-00C04F79EFBC}") = "GameEditor.Server", "GameEditor.Server\GameEditor.Server.csproj", "{BA24D9CF-7DC1-4EC3-94D7-34BE6AF62D29}"
EndProject
Project("{FAE04EC0-301F-11D3-BF4B-00C04F79EFBC}") = "GameEditor.Shared", "GameEditor.Shared\GameEditor.Shared.csproj", "{3A09A95B-A638-4530-9B1B-945BE67081BF}"
EndProject
Global
	GlobalSection(SolutionConfigurationPlatforms) = preSolution
		Debug|Any CPU = Debug|Any CPU
		Debug|x64 = Debug|x64
		Debug|x86 = Debug|x86
		Release|Any CPU = Release|Any CPU
		Release|x64 = Release|x64
		Release|x86 = Release|x86
	EndGlobalSection
	GlobalSection(ProjectConfigurationPlatforms) = postSolution
		{E9218257-E07B-4AA9-BFA3-F75A9BD64E3B}.Debug|Any CPU.ActiveCfg = Debug|Any CPU
		{E9218257-E07B-4AA9-BFA3-F75A9BD64E3B}.Debug|Any CPU.Build.0 = Debug|Any CPU
		{E9218257-E07B-4AA9-BFA3-F75A9BD64E3B}.Debug|x64.ActiveCfg = Debug|Any CPU
		{E9218257-E07B-4AA9-BFA3-F75A9BD64E3B}.Debug|x64.Build.0 = Debug|Any CPU
		{E9218257-E07B-4AA9-BFA3-F75A9BD64E3B}.Debug|x86.ActiveCfg = Debug|Any CPU
		{E9218257-E07B-4AA9-BFA3-F75A9BD64E3B}.Debug|x86.Build.0 = Debug|Any CPU
		{E9218257-E07B-4AA9-BFA3-F75A9BD64E3B}.Release|Any CPU.ActiveCfg = Release|Any CPU
		{E9218257-E07B-4AA9-BFA3-F75A9BD64E3B}.Release|Any CPU.Build.0 = Release|Any CPU
		{E9218257-E07B-4AA9-BFA3-F75A9BD64E3B}.Release|x64.ActiveCfg = Release|Any CPU
		{E9218257-E07B-4AA9-BFA3-F75A9BD64E3B}.Release|x64.Build.0 = Release|Any CPU
		{E9218257-E07B-4AA9-BFA3-F75A9BD64E3B}.Release|x86.ActiveCfg = Release|Any CPU
		{E9218257-E07B-4AA9-BFA3-F75A9BD64E3B}.Release|x86.Build.0 = Release|Any CPU
		{5A4C7C09-7B0E-4E86-A484-F65867A0DF57}.Debug|Any CPU.ActiveCfg = Debug|Any CPU
		{5A4C7C09-7B0E-4E86-A484-F65867A0DF57}.Debug|Any CPU.Build.0 = Debug|Any CPU
		{5A4C7C09-7B0E-4E86-A484-F65867A0DF57}.Debug|x64.ActiveCfg = Debug|Any CPU
		{5A4C7C09-7B0E-4E86-A484-F65867A0DF57}.Debug|x64.Build.0 = Debug|Any CPU
		{5A4C7C09-7B0E-4E86-A484-F65867A0DF57}.Debug|x86.ActiveCfg = Debug|Any CPU
		{5A4C7C09-7B0E-4E86-A484-F65867A0DF57}.Debug|x86.Build.0 = Debug|Any CPU
		{5A4C7C09-7B0E-4E86-A484-F65867A0DF57}.Release|Any CPU.ActiveCfg = Release|Any CPU
		{5A4C7C09-7B0E-4E86-A484-F65867A0DF57}.Release|Any CPU.Build.0 = Release|Any CPU
		{5A4C7C09-7B0E-4E86-A484-F65867A0DF57}.Release|x64.ActiveCfg = Release|Any CPU
		{5A4C7C09-7B0E-4E86-A484-F65867A0DF57}.Release|x64.Build.0 = Release|Any CPU
		{5A4C7C09-7B0E-4E86-A484-F65867A0DF57}.Release|x86.ActiveCfg = Release|Any CPU
		{5A4C7C09-7B0E-4E86-A484-F65867A0DF57}.Release|x86.Build.0 = Release|Any CPU
		{78EECC87-06F7-478D-BB44-4B23AB97F10D}.Debug|Any CPU.ActiveCfg = Debug|Any CPU
		{78EECC87-06F7-478D-BB44-4B23AB97F10D}.Debug|Any CPU.Build.0 = Debug|Any CPU
		{78EECC87-06F7-478D-BB44-4B23AB97F10D}.Debug|x64.ActiveCfg = Debug|Any CPU
		{78EECC87-06F7-478D-BB44-4B23AB97F10D}.Debug|x64.Build.0 = Debug|Any CPU
		{78EECC87-06F7-478D-BB44-4B23AB97F10D}.Debug|x86.ActiveCfg = Debug|Any CPU
		{78EECC87-06F7-478D-BB44-4B23AB97F10D}.Debug|x86.Build.0 = Debug|Any CPU
		{78EECC87-06F7-478D-BB44-4B23AB97F10D}.Release|Any CPU.ActiveCfg = Release|Any CPU
		{78EECC87-06F7-478D-BB44-4B23AB97F10D}.Release|Any CPU.Build.0 = Release|Any CPU
		{78EECC87-06F7-478D-BB44-4B23AB97F10D}.Release|x64.ActiveCfg = Release|Any CPU
		{78EECC87-06F7-478D-BB44-4B23AB97F10D}.Release|x64.Build.0 = Release|Any CPU
		{78EECC87-06F7-478D-BB44-4B23AB97F10D}.Release|x86.ActiveCfg = Release|Any CPU
		{78EECC87-06F7-478D-BB44-4B23AB97F10D}.Release|x86.Build.0 = Release|Any CPU
		{1EA1B868-6FE7-4263-9C69-93247B65F72D}.Debug|Any CPU.ActiveCfg = Debug|Any CPU
		{1EA1B868-6FE7-4263-9C69-93247B65F72D}.Debug|Any CPU.Build.0 = Debug|Any CPU
		{1EA1B868-6FE7-4263-9C69-93247B65F72D}.Debug|x64.ActiveCfg = Debug|Any CPU
		{1EA1B868-6FE7-4263-9C69-93247B65F72D}.Debug|x64.Build.0 = Debug|Any CPU
		{1EA1B868-6FE7-4263-9C69-93247B65F72D}.Debug|x86.ActiveCfg = Debug|Any CPU
		{1EA1B868-6FE7-4263-9C69-93247B65F72D}.Debug|x86.Build.0 = Debug|Any CPU
		{1EA1B868-6FE7-4263-9C69-93247B65F72D}.Release|Any CPU.ActiveCfg = Release|Any CPU
		{1EA1B868-6FE7-4263-9C69-93247B65F72D}.Release|Any CPU.Build.0 = Release|Any CPU
		{1EA1B868-6FE7-4263-9C69-93247B65F72D}.Release|x64.ActiveCfg = Release|Any CPU
		{1EA1B868-6FE7-4263-9C69-93247B65F72D}.Release|x64.Build.0 = Release|Any CPU
		{1EA1B868-6FE7-4263-9C69-93247B65F72D}.Release|x86.ActiveCfg = Release|Any CPU
		{1EA1B868-6FE7-4263-9C69-93247B65F72D}.Release|x86.Build.0 = Release|Any CPU
		{B1FDC293-B54D-41A1-8FA9-9AFDB590E394}.Debug|Any CPU.ActiveCfg = Debug|Any CPU
		{B1FDC293-B54D-41A1-8FA9-9AFDB590E394}.Debug|Any CPU.Build.0 = Debug|Any CPU
		{B1FDC293-B54D-41A1-8FA9-9AFDB590E394}.Debug|x64.ActiveCfg = Debug|Any CPU
		{B1FDC293-B54D-41A1-8FA9-9AFDB590E394}.Debug|x64.Build.0 = Debug|Any CPU
		{B1FDC293-B54D-41A1-8FA9-9AFDB590E394}.Debug|x86.ActiveCfg = Debug|Any CPU
		{B1FDC293-B54D-41A1-8FA9-9AFDB590E394}.Debug|x86.Build.0 = Debug|Any CPU
		{B1FDC293-B54D-41A1-8FA9-9AFDB590E394}.Release|Any CPU.ActiveCfg = Release|Any CPU
		{B1FDC293-B54D-41A1-8FA9-9AFDB590E394}.Release|Any CPU.Build.0 = Release|Any CPU
		{B1FDC293-B54D-41A1-8FA9-9AFDB590E394}.Release|x64.ActiveCfg = Release|Any CPU
		{B1FDC293-B54D-41A1-8FA9-9AFDB590E394}.Release|x64.Build.0 = Release|Any CPU
		{B1FDC293-B54D-41A1-8FA9-9AFDB590E394}.Release|x86.ActiveCfg = Release|Any CPU
		{B1FDC293-B54D-41A1-8FA9-9AFDB590E394}.Release|x86.Build.0 = Release|Any CPU
		{BA24D9CF-7DC1-4EC3-94D7-34BE6AF62D29}.Debug|Any CPU.ActiveCfg = Debug|Any CPU
		{BA24D9CF-7DC1-4EC3-94D7-34BE6AF62D29}.Debug|Any CPU.Build.0 = Debug|Any CPU
		{BA24D9CF-7DC1-4EC3-94D7-34BE6AF62D29}.Debug|x64.ActiveCfg = Debug|Any CPU
		{BA24D9CF-7DC1-4EC3-94D7-34BE6AF62D29}.Debug|x64.Build.0 = Debug|Any CPU
		{BA24D9CF-7DC1-4EC3-94D7-34BE6AF62D29}.Debug|x86.ActiveCfg = Debug|Any CPU
		{BA24D9CF-7DC1-4EC3-94D7-34BE6AF62D29}.Debug|x86.Build.0 = Debug|Any CPU
		{BA24D9CF-7DC1-4EC3-94D7-34BE6AF62D29}.Release|Any CPU.ActiveCfg = Release|Any CPU
		{BA24D9CF-7DC1-4EC3-94D7-34BE6AF62D29}.Release|Any CPU.Build.0 = Release|Any CPU
		{BA24D9CF-7DC1-4EC3-94D7-34BE6AF62D29}.Release|x64.ActiveCfg = Release|Any CPU
		{BA24D9CF-7DC1-4EC3-94D7-34BE6AF62D29}.Release|x64.Build.0 = Release|Any CPU
		{BA24D9CF-7DC1-4EC3-94D7-34BE6AF62D29}.Release|x86.ActiveCfg = Release|Any CPU
		{BA24D9CF-7DC1-4EC3-94D7-34BE6AF62D29}.Release|x86.Build.0 = Release|Any CPU
		{3A09A95B-A638-4530-9B1B-945BE67081BF}.Debug|Any CPU.ActiveCfg = Debug|Any CPU
		{3A09A95B-A638-4530-9B1B-945BE67081BF}.Debug|Any CPU.Build.0 = Debug|Any CPU
		{3A09A95B-A638-4530-9B1B-945BE67081BF}.Debug|x64.ActiveCfg = Debug|Any CPU
		{3A09A95B-A638-4530-9B1B-945BE67081BF}.Debug|x64.Build.0 = Debug|Any CPU
		{3A09A95B-A638-4530-9B1B-945BE67081BF}.Debug|x86.ActiveCfg = Debug|Any CPU
		{3A09A95B-A638-4530-9B1B-945BE67081BF}.Debug|x86.Build.0 = Debug|Any CPU
		{3A09A95B-A638-4530-9B1B-945BE67081BF}.Release|Any CPU.ActiveCfg = Release|Any CPU
		{3A09A95B-A638-4530-9B1B-945BE67081BF}.Release|Any CPU.Build.0 = Release|Any CPU
		{3A09A95B-A638-4530-9B1B-945BE67081BF}.Release|x64.ActiveCfg = Release|Any CPU
		{3A09A95B-A638-4530-9B1B-945BE67081BF}.Release|x64.Build.0 = Release|Any CPU
		{3A09A95B-A638-4530-9B1B-945BE67081BF}.Release|x86.ActiveCfg = Release|Any CPU
		{3A09A95B-A638-4530-9B1B-945BE67081BF}.Release|x86.Build.0 = Release|Any CPU
	EndGlobalSection
	GlobalSection(SolutionProperties) = preSolution
		HideSolutionNode = FALSE
	EndGlobalSection
EndGlobal
